# THIS IS AN AUTOGENERATED FILE. DO NOT EDIT THIS FILE DIRECTLY.
# yarn lockfile v1


ky@^0.25.1:
  version "0.25.1"
  resolved "https://registry.yarnpkg.com/ky/-/ky-0.25.1.tgz#0df0bd872a9cc57e31acd5dbc1443547c881bfbc"
  integrity sha512-PjpCEWlIU7VpiMVrTwssahkYXX1by6NCT0fhTUX34F3DTinARlgMpriuroolugFPcMgpPWrOW4mTb984Qm1RXA==

rambda@^6.4.0:
  version "6.4.0"
  resolved "https://registry.yarnpkg.com/rambda/-/rambda-6.4.0.tgz#bf080047b03d8d2c72e3ce5c17c603517a65749a"
  integrity sha512-aBoE7YrGQP1xnxjyg5fhupfS+FTrDVjZMtwpezl15RKLNnKLOYDfjx/0xDE+8GyWbbZfODRkAOZmnpvxrAONbQ==
